// !$*UTF8*$!
{
	archiveVersion = 1;
	classes = {
	};
	objectVersion = 46;
	objects = {

/* Begin PBXBuildFile section */
		2233190D1DFD4474005025A1 /* main.c in Sources */ = {isa = PBXBuildFile; fileRef = 2233190C1DFD4474005025A1 /* main.c */; };
		2233191A1DFD461B005025A1 /* main.c in Sources */ = {isa = PBXBuildFile; fileRef = 223319191DFD461B005025A1 /* main.c */; };
		223319211DFD4651005025A1 /* libreadline.tbd in Frameworks */ = {isa = PBXBuildFile; fileRef = 2233191F1DFD4641005025A1 /* libreadline.tbd */; };
/* End PBXBuildFile section */

/* Begin PBXCopyFilesBuildPhase section */
		223319071DFD4474005025A1 /* CopyFiles */ = {
			isa = PBXCopyFilesBuildPhase;
			buildActionMask = 2147483647;
			dstPath = /usr/share/man/man1/;
			dstSubfolderSpec = 0;
			files = (
			);
			runOnlyForDeploymentPostprocessing = 1;
		};
		223319151DFD461B005025A1 /* CopyFiles */ = {
			isa = PBXCopyFilesBuildPhase;
			buildActionMask = 2147483647;
			dstPath = /usr/share/man/man1/;
			dstSubfolderSpec = 0;
			files = (
			);
			runOnlyForDeploymentPostprocessing = 1;
		};
/* End PBXCopyFilesBuildPhase section */

/* Begin PBXFileReference section */
		223319091DFD4474005025A1 /* 8_CountDown */ = {isa = PBXFileReference; explicitFileType = "compiled.mach-o.executable"; includeInIndex = 0; path = 8_CountDown; sourceTree = BUILT_PRODUCTS_DIR; };
		2233190C1DFD4474005025A1 /* main.c */ = {isa = PBXFileReference; lastKnownFileType = sourcecode.c.c; path = main.c; sourceTree = "<group>"; };
		223319171DFD461B005025A1 /* CountDown2 */ = {isa = PBXFileReference; explicitFileType = "compiled.mach-o.executable"; includeInIndex = 0; path = CountDown2; sourceTree = BUILT_PRODUCTS_DIR; };
		223319191DFD461B005025A1 /* main.c */ = {isa = PBXFileReference; lastKnownFileType = sourcecode.c.c; path = main.c; sourceTree = "<group>"; };
		2233191F1DFD4641005025A1 /* libreadline.tbd */ = {isa = PBXFileReference; lastKnownFileType = "sourcecode.text-based-dylib-definition"; name = libreadline.tbd; path = usr/lib/libreadline.tbd; sourceTree = SDKROOT; };
/* End PBXFileReference section */

/* Begin PBXFrameworksBuildPhase section */
		223319061DFD4474005025A1 /* Frameworks */ = {
			isa = PBXFrameworksBuildPhase;
			buildActionMask = 2147483647;
			files = (
			);
			runOnlyForDeploymentPostprocessing = 0;
		};
		223319141DFD461B005025A1 /* Frameworks */ = {
			isa = PBXFrameworksBuildPhase;
			buildActionMask = 2147483647;
			files = (
				223319211DFD4651005025A1 /* libreadline.tbd in Frameworks */,
			);
			runOnlyForDeploymentPostprocessing = 0;
		};
/* End PBXFrameworksBuildPhase section */

/* Begin PBXGroup section */
		223319001DFD4474005025A1 = {
			isa = PBXGroup;
			children = (
				2233190B1DFD4474005025A1 /* 8_CountDown */,
				223319181DFD461B005025A1 /* CountDown2 */,
				2233190A1DFD4474005025A1 /* Products */,
				2233191E1DFD4641005025A1 /* Frameworks */,
			);
			sourceTree = "<group>";
		};
		2233190A1DFD4474005025A1 /* Products */ = {
			isa = PBXGroup;
			children = (
				223319091DFD4474005025A1 /* 8_CountDown */,
				223319171DFD461B005025A1 /* CountDown2 */,
			);
			name = Products;
			sourceTree = "<group>";
		};
		2233190B1DFD4474005025A1 /* 8_CountDown */ = {
			isa = PBXGroup;
			children = (
				2233190C1DFD4474005025A1 /* main.c */,
			);
			path = 8_CountDown;
			sourceTree = "<group>";
		};
		223319181DFD461B005025A1 /* CountDown2 */ = {
			isa = PBXGroup;
			children = (
				223319191DFD461B005025A1 /* main.c */,
			);
			path = CountDown2;
			sourceTree = "<group>";
		};
		2233191E1DFD4641005025A1 /* Frameworks */ = {
			isa = PBXGroup;
			children = (
				2233191F1DFD4641005025A1 /* libreadline.tbd */,
			);
			name = Frameworks;
			sourceTree = "<group>";
		};
/* End PBXGroup section */

/* Begin PBXNativeTarget section */
		223319081DFD4474005025A1 /* 8_CountDown */ = {
			isa = PBXNativeTarget;
			buildConfigurationList = 223319101DFD4474005025A1 /* Build configuration list for PBXNativeTarget "8_CountDown" */;
			buildPhases = (
				223319051DFD4474005025A1 /* Sources */,
				223319061DFD4474005025A1 /* Frameworks */,
				223319071DFD4474005025A1 /* CopyFiles */,
			);
			buildRules = (
			);
			dependencies = (
			);
			name = 8_CountDown;
			productName = 8_CountDown;
			productReference = 223319091DFD4474005025A1 /* 8_CountDown */;
			productType = "com.apple.product-type.tool";
		};
		223319161DFD461B005025A1 /* CountDown2 */ = {
			isa = PBXNativeTarget;
			buildConfigurationList = 2233191B1DFD461B005025A1 /* Build configuration list for PBXNativeTarget "CountDown2" */;
			buildPhases = (
				223319131DFD461B005025A1 /* Sources */,
				223319141DFD461B005025A1 /* Frameworks */,
				223319151DFD461B005025A1 /* CopyFiles */,
			);
			buildRules = (
			);
			dependencies = (
			);
			name = CountDown2;
			productName = CountDown2;
			productReference = 223319171DFD461B005025A1 /* CountDown2 */;
			productType = "com.apple.product-type.tool";
		};
/* End PBXNativeTarget section */

/* Begin PBXProject section */
		223319011DFD4474005025A1 /* Project object */ = {
			isa = PBXProject;
			attributes = {
				LastUpgradeCheck = 0810;
				ORGANIZATIONNAME = "Gaofei Ma";
				TargetAttributes = {
					223319081DFD4474005025A1 = {
						CreatedOnToolsVersion = 8.1;
						DevelopmentTeam = N5G28WF2Y2;
						ProvisioningStyle = Automatic;
					};
					223319161DFD461B005025A1 = {
						CreatedOnToolsVersion = 8.1;
						DevelopmentTeam = N5G28WF2Y2;
						ProvisioningStyle = Automatic;
					};
				};
			};
			buildConfigurationList = 223319041DFD4474005025A1 /* Build configuration list for PBXProject "8_CountDown" */;
			compatibilityVersion = "Xcode 3.2";
			developmentRegion = English;
			hasScannedForEncodings = 0;
			knownRegions = (
				en,
			);
			mainGroup = 223319001DFD4474005025A1;
			productRefGroup = 2233190A1DFD4474005025A1 /* Products */;
			projectDirPath = "";
			projectRoot = "";
			targets = (
				223319081DFD4474005025A1 /* 8_CountDown */,
				223319161DFD461B005025A1 /* CountDown2 */,
			);
		};
/* End PBXProject section */

/* Begin PBXSourcesBuildPhase section */
		223319051DFD4474005025A1 /* Sources */ = {
			isa = PBXSourcesBuildPhase;
			buildActionMask = 2147483647;
			files = (
				2233190D1DFD4474005025A1 /* main.c in Sources */,
			);
			runOnlyForDeploymentPostprocessing = 0;
		};
		223319131DFD461B005025A1 /* Sources */ = {
			isa = PBXSourcesBuildPhase;
			buildActionMask = 2147483647;
			files = (
				2233191A1DFD461B005025A1 /* main.c in Sources */,
			);
			runOnlyForDeploymentPostprocessing = 0;
		};
/* End PBXSourcesBuildPhase section */

/* Begin XCBuildConfiguration section */
		2233190E1DFD4474005025A1 /* Debug */ = {
			isa = XCBuildConfiguration;
			buildSettings = {
				ALWAYS_SEARCH_USER_PATHS = NO;
				CLANG_ANALYZER_NONNULL = YES;
				CLANG_CXX_LANGUAGE_STANDARD = "gnu++0x";
				CLANG_CXX_LIBRARY = "libc++";
				CLANG_ENABLE_MODULES = YES;
				CLANG_ENABLE_OBJC_ARC = YES;
				CLANG_WARN_BOOL_CONVERSION = YES;
				CLANG_WARN_CONSTANT_CONVERSION = YES;
				CLANG_WARN_DIRECT_OBJC_ISA_USAGE = YES_ERROR;
				CLANG_WARN_DOCUMENTATION_COMMENTS = YES;
				CLANG_WARN_EMPTY_BODY = YES;
				CLANG_WARN_ENUM_CONVERSION = YES;
				CLANG_WARN_INFINITE_RECURSION = YES;
				CLANG_WARN_INT_CONVERSION = YES;
				CLANG_WARN_OBJC_ROOT_CLASS = YES_ERROR;
				CLANG_WARN_SUSPICIOUS_MOVES = YES;
				CLANG_WARN_UNREACHABLE_CODE = YES;
				CLANG_WARN__DUPLICATE_METHOD_MATCH = YES;
				CODE_SIGN_IDENTITY = "-";
				COPY_PHASE_STRIP = NO;
				DEBUG_INFORMATION_FORMAT = dwarf;
				ENABLE_STRICT_OBJC_MSGSEND = YES;
				ENABLE_TESTABILITY = YES;
				GCC_C_LANGUAGE_STANDARD = gnu99;
				GCC_DYNAMIC_NO_PIC = NO;
				GCC_NO_COMMON_BLOCKS = YES;
				GCC_OPTIMIZATION_LEVEL = 0;
				GCC_PREPROCESSOR_DEFINITIONS = (
					"DEBUG=1",
					"$(inherited)",
				);
				GCC_WARN_64_TO_32_BIT_CONVERSION = YES;
				GCC_WARN_ABOUT_RETURN_TYPE = YES_ERROR;
				GCC_WARN_UNDECLARED_SELECTOR = YES;
				GCC_WARN_UNINITIALIZED_AUTOS = YES_AGGRESSIVE;
				GCC_WARN_UNUSED_FUNCTION = YES;
				GCC_WARN_UNUSED_VARIABLE = YES;
				MACOSX_DEPLOYMENT_TARGET = 10.12;
				MTL_ENABLE_DEBUG_INFO = YES;
				ONLY_ACTIVE_ARCH = YES;
				SDKROOT = macosx;
			};
			name = Debug;
		};
		2233190F1DFD4474005025A1 /* Release */ = {
			isa = XCBuildConfiguration;
			buildSettings = {
				ALWAYS_SEARCH_USER_PATHS = NO;
				CLANG_ANALYZER_NONNULL = YES;
				CLANG_CXX_LANGUAGE_STANDARD = "gnu++0x";
				CLANG_CXX_LIBRARY = "libc++";
				CLANG_ENABLE_MODULES = YES;
				CLANG_ENABLE_OBJC_ARC = YES;
				CLANG_WARN_BOOL_CONVERSION = YES;
				CLANG_WARN_CONSTANT_CONVERSION = YES;
				CLANG_WARN_DIRECT_OBJC_ISA_USAGE = YES_ERROR;
				CLANG_WARN_DOCUMENTATION_COMMENTS = YES;
				CLANG_WARN_EMPTY_BODY = YES;
				CLANG_WARN_ENUM_CONVERSION = YES;
				CLANG_WARN_INFINITE_RECURSION = YES;
				CLANG_WARN_INT_CONVERSION = YES;
				CLANG_WARN_OBJC_ROOT_CLASS = YES_ERROR;
				CLANG_WARN_SUSPICIOUS_MOVES = YES;
				CLANG_WARN_UNREACHABLE_CODE = YES;
				CLANG_WARN__DUPLICATE_METHOD_MATCH = YES;
				CODE_SIGN_IDENTITY = "-";
				COPY_PHASE_STRIP = NO;
				DEBUG_INFORMATION_FORMAT = "dwarf-with-dsym";
				ENABLE_NS_ASSERTIONS = NO;
				ENABLE_STRICT_OBJC_MSGSEND = YES;
				GCC_C_LANGUAGE_STANDARD = gnu99;
				GCC_NO_COMMON_BLOCKS = YES;
				GCC_WARN_64_TO_32_BIT_CONVERSION = YES;
				GCC_WARN_ABOUT_RETURN_TYPE = YES_ERROR;
				GCC_WARN_UNDECLARED_SELECTOR = YES;
				GCC_WARN_UNINITIALIZED_AUTOS = YES_AGGRESSIVE;
				GCC_WARN_UNUSED_FUNCTION = YES;
				GCC_WARN_UNUSED_VARIABLE = YES;
				MACOSX_DEPLOYMENT_TARGET = 10.12;
				MTL_ENABLE_DEBUG_INFO = NO;
				SDKROOT = macosx;
			};
			name = Release;
		};
		223319111DFD4474005025A1 /* Debug */ = {
			isa = XCBuildConfiguration;
			buildSettings = {
				DEVELOPMENT_TEAM = N5G28WF2Y2;
				PRODUCT_NAME = "$(TARGET_NAME)";
			};
			name = Debug;
		};
		223319121DFD4474005025A1 /* Release */ = {
			isa = XCBuildConfiguration;
			buildSettings = {
				DEVELOPMENT_TEAM = N5G28WF2Y2;
				PRODUCT_NAME = "$(TARGET_NAME)";
			};
			name = Release;
		};
		2233191C1DFD461B005025A1 /* Debug */ = {
			isa = XCBuildConfiguration;
			buildSettings = {
				DEVELOPMENT_TEAM = N5G28WF2Y2;
				PRODUCT_NAME = "$(TARGET_NAME)";
			};
			name = Debug;
		};
		2233191D1DFD461B005025A1 /* Release */ = {
			isa = XCBuildConfiguration;
			buildSettings = {
				DEVELOPMENT_TEAM = N5G28WF2Y2;
				PRODUCT_NAME = "$(TARGET_NAME)";
			};
			name = Release;
		};
/* End XCBuildConfiguration section */

/* Begin XCConfigurationList section */
		223319041DFD4474005025A1 /* Build configuration list for PBXProject "8_CountDown" */ = {
			isa = XCConfigurationList;
			buildConfigurations = (
				2233190E1DFD4474005025A1 /* Debug */,
				2233190F1DFD4474005025A1 /* Release */,
			);
			defaultConfigurationIsVisible = 0;
			defaultConfigurationName = Release;
		};
		223319101DFD4474005025A1 /* Build configuration list for PBXNativeTarget "8_CountDown" */ = {
			isa = XCConfigurationList;
			buildConfigurations = (
				223319111DFD4474005025A1 /* Debug */,
				223319121DFD4474005025A1 /* Release */,
			);
			defaultConfigurationIsVisible = 0;
		};
		2233191B1DFD461B005025A1 /* Build configuration list for PBXNativeTarget "CountDown2" */ = {
			isa = XCConfigurationList;
			buildConfigurations = (
				2233191C1DFD461B005025A1 /* Debug */,
				2233191D1DFD461B005025A1 /* Release */,
			);
			defaultConfigurationIsVisible = 0;
		};
/* End XCConfigurationList section */
	};
	rootObject = 223319011DFD4474005025A1 /* Project object */;
}
