// !$*UTF8*$!
{
	archiveVersion = 1;
	classes = {
	};
	objectVersion = 46;
	objects = {

/* Begin PBXBuildFile section */
		223318981DFD01B0005025A1 /* main.m in Sources */ = {isa = PBXBuildFile; fileRef = 223318971DFD01B0005025A1 /* main.m */; };
		223318A51DFD0DCD005025A1 /* main.m in Sources */ = {isa = PBXBuildFile; fileRef = 223318A41DFD0DCD005025A1 /* main.m */; };
/* End PBXBuildFile section */

/* Begin PBXCopyFilesBuildPhase section */
		223318921DFD01B0005025A1 /* CopyFiles */ = {
			isa = PBXCopyFilesBuildPhase;
			buildActionMask = 2147483647;
			dstPath = /usr/share/man/man1/;
			dstSubfolderSpec = 0;
			files = (
			);
			runOnlyForDeploymentPostprocessing = 1;
		};
		223318A01DFD0DCC005025A1 /* CopyFiles */ = {
			isa = PBXCopyFilesBuildPhase;
			buildActionMask = 2147483647;
			dstPath = /usr/share/man/man1/;
			dstSubfolderSpec = 0;
			files = (
			);
			runOnlyForDeploymentPostprocessing = 1;
		};
/* End PBXCopyFilesBuildPhase section */

/* Begin PBXFileReference section */
		223318941DFD01B0005025A1 /* 10_PBR */ = {isa = PBXFileReference; explicitFileType = "compiled.mach-o.executable"; includeInIndex = 0; path = 10_PBR; sourceTree = BUILT_PRODUCTS_DIR; };
		223318971DFD01B0005025A1 /* main.m */ = {isa = PBXFileReference; lastKnownFileType = sourcecode.c.objc; path = main.m; sourceTree = "<group>"; };
		223318A21DFD0DCC005025A1 /* metersToFeetAndInches */ = {isa = PBXFileReference; explicitFileType = "compiled.mach-o.executable"; includeInIndex = 0; path = metersToFeetAndInches; sourceTree = BUILT_PRODUCTS_DIR; };
		223318A41DFD0DCD005025A1 /* main.m */ = {isa = PBXFileReference; lastKnownFileType = sourcecode.c.objc; path = main.m; sourceTree = "<group>"; };
/* End PBXFileReference section */

/* Begin PBXFrameworksBuildPhase section */
		223318911DFD01B0005025A1 /* Frameworks */ = {
			isa = PBXFrameworksBuildPhase;
			buildActionMask = 2147483647;
			files = (
			);
			runOnlyForDeploymentPostprocessing = 0;
		};
		2233189F1DFD0DCC005025A1 /* Frameworks */ = {
			isa = PBXFrameworksBuildPhase;
			buildActionMask = 2147483647;
			files = (
			);
			runOnlyForDeploymentPostprocessing = 0;
		};
/* End PBXFrameworksBuildPhase section */

/* Begin PBXGroup section */
		2233188B1DFD01B0005025A1 = {
			isa = PBXGroup;
			children = (
				223318961DFD01B0005025A1 /* 10_PBR */,
				223318A31DFD0DCD005025A1 /* metersToFeetAndInches */,
				223318951DFD01B0005025A1 /* Products */,
			);
			sourceTree = "<group>";
		};
		223318951DFD01B0005025A1 /* Products */ = {
			isa = PBXGroup;
			children = (
				223318941DFD01B0005025A1 /* 10_PBR */,
				223318A21DFD0DCC005025A1 /* metersToFeetAndInches */,
			);
			name = Products;
			sourceTree = "<group>";
		};
		223318961DFD01B0005025A1 /* 10_PBR */ = {
			isa = PBXGroup;
			children = (
				223318971DFD01B0005025A1 /* main.m */,
			);
			path = 10_PBR;
			sourceTree = "<group>";
		};
		223318A31DFD0DCD005025A1 /* metersToFeetAndInches */ = {
			isa = PBXGroup;
			children = (
				223318A41DFD0DCD005025A1 /* main.m */,
			);
			path = metersToFeetAndInches;
			sourceTree = "<group>";
		};
/* End PBXGroup section */

/* Begin PBXNativeTarget section */
		223318931DFD01B0005025A1 /* 10_PBR */ = {
			isa = PBXNativeTarget;
			buildConfigurationList = 2233189B1DFD01B0005025A1 /* Build configuration list for PBXNativeTarget "10_PBR" */;
			buildPhases = (
				223318901DFD01B0005025A1 /* Sources */,
				223318911DFD01B0005025A1 /* Frameworks */,
				223318921DFD01B0005025A1 /* CopyFiles */,
			);
			buildRules = (
			);
			dependencies = (
			);
			name = 10_PBR;
			productName = 10_PBR;
			productReference = 223318941DFD01B0005025A1 /* 10_PBR */;
			productType = "com.apple.product-type.tool";
		};
		223318A11DFD0DCC005025A1 /* metersToFeetAndInches */ = {
			isa = PBXNativeTarget;
			buildConfigurationList = 223318A61DFD0DCD005025A1 /* Build configuration list for PBXNativeTarget "metersToFeetAndInches" */;
			buildPhases = (
				2233189E1DFD0DCC005025A1 /* Sources */,
				2233189F1DFD0DCC005025A1 /* Frameworks */,
				223318A01DFD0DCC005025A1 /* CopyFiles */,
			);
			buildRules = (
			);
			dependencies = (
			);
			name = metersToFeetAndInches;
			productName = metersToFeetAndInches;
			productReference = 223318A21DFD0DCC005025A1 /* metersToFeetAndInches */;
			productType = "com.apple.product-type.tool";
		};
/* End PBXNativeTarget section */

/* Begin PBXProject section */
		2233188C1DFD01B0005025A1 /* Project object */ = {
			isa = PBXProject;
			attributes = {
				LastUpgradeCheck = 0810;
				ORGANIZATIONNAME = "Gaofei Ma";
				TargetAttributes = {
					223318931DFD01B0005025A1 = {
						CreatedOnToolsVersion = 8.1;
						DevelopmentTeam = N5G28WF2Y2;
						ProvisioningStyle = Automatic;
					};
					223318A11DFD0DCC005025A1 = {
						CreatedOnToolsVersion = 8.1;
						DevelopmentTeam = N5G28WF2Y2;
						ProvisioningStyle = Automatic;
					};
				};
			};
			buildConfigurationList = 2233188F1DFD01B0005025A1 /* Build configuration list for PBXProject "10_PBR" */;
			compatibilityVersion = "Xcode 3.2";
			developmentRegion = English;
			hasScannedForEncodings = 0;
			knownRegions = (
				en,
			);
			mainGroup = 2233188B1DFD01B0005025A1;
			productRefGroup = 223318951DFD01B0005025A1 /* Products */;
			projectDirPath = "";
			projectRoot = "";
			targets = (
				223318931DFD01B0005025A1 /* 10_PBR */,
				223318A11DFD0DCC005025A1 /* metersToFeetAndInches */,
			);
		};
/* End PBXProject section */

/* Begin PBXSourcesBuildPhase section */
		223318901DFD01B0005025A1 /* Sources */ = {
			isa = PBXSourcesBuildPhase;
			buildActionMask = 2147483647;
			files = (
				223318981DFD01B0005025A1 /* main.m in Sources */,
			);
			runOnlyForDeploymentPostprocessing = 0;
		};
		2233189E1DFD0DCC005025A1 /* Sources */ = {
			isa = PBXSourcesBuildPhase;
			buildActionMask = 2147483647;
			files = (
				223318A51DFD0DCD005025A1 /* main.m in Sources */,
			);
			runOnlyForDeploymentPostprocessing = 0;
		};
/* End PBXSourcesBuildPhase section */

/* Begin XCBuildConfiguration section */
		223318991DFD01B0005025A1 /* Debug */ = {
			isa = XCBuildConfiguration;
			buildSettings = {
				ALWAYS_SEARCH_USER_PATHS = NO;
				CLANG_ANALYZER_NONNULL = YES;
				CLANG_CXX_LANGUAGE_STANDARD = "gnu++0x";
				CLANG_CXX_LIBRARY = "libc++";
				CLANG_ENABLE_MODULES = YES;
				CLANG_ENABLE_OBJC_ARC = YES;
				CLANG_WARN_BOOL_CONVERSION = YES;
				CLANG_WARN_CONSTANT_CONVERSION = YES;
				CLANG_WARN_DIRECT_OBJC_ISA_USAGE = YES_ERROR;
				CLANG_WARN_DOCUMENTATION_COMMENTS = YES;
				CLANG_WARN_EMPTY_BODY = YES;
				CLANG_WARN_ENUM_CONVERSION = YES;
				CLANG_WARN_INFINITE_RECURSION = YES;
				CLANG_WARN_INT_CONVERSION = YES;
				CLANG_WARN_OBJC_ROOT_CLASS = YES_ERROR;
				CLANG_WARN_SUSPICIOUS_MOVES = YES;
				CLANG_WARN_UNREACHABLE_CODE = YES;
				CLANG_WARN__DUPLICATE_METHOD_MATCH = YES;
				CODE_SIGN_IDENTITY = "-";
				COPY_PHASE_STRIP = NO;
				DEBUG_INFORMATION_FORMAT = dwarf;
				ENABLE_STRICT_OBJC_MSGSEND = YES;
				ENABLE_TESTABILITY = YES;
				GCC_C_LANGUAGE_STANDARD = gnu99;
				GCC_DYNAMIC_NO_PIC = NO;
				GCC_NO_COMMON_BLOCKS = YES;
				GCC_OPTIMIZATION_LEVEL = 0;
				GCC_PREPROCESSOR_DEFINITIONS = (
					"DEBUG=1",
					"$(inherited)",
				);
				GCC_WARN_64_TO_32_BIT_CONVERSION = YES;
				GCC_WARN_ABOUT_RETURN_TYPE = YES_ERROR;
				GCC_WARN_UNDECLARED_SELECTOR = YES;
				GCC_WARN_UNINITIALIZED_AUTOS = YES_AGGRESSIVE;
				GCC_WARN_UNUSED_FUNCTION = YES;
				GCC_WARN_UNUSED_VARIABLE = YES;
				MACOSX_DEPLOYMENT_TARGET = 10.12;
				MTL_ENABLE_DEBUG_INFO = YES;
				ONLY_ACTIVE_ARCH = YES;
				SDKROOT = macosx;
			};
			name = Debug;
		};
		2233189A1DFD01B0005025A1 /* Release */ = {
			isa = XCBuildConfiguration;
			buildSettings = {
				ALWAYS_SEARCH_USER_PATHS = NO;
				CLANG_ANALYZER_NONNULL = YES;
				CLANG_CXX_LANGUAGE_STANDARD = "gnu++0x";
				CLANG_CXX_LIBRARY = "libc++";
				CLANG_ENABLE_MODULES = YES;
				CLANG_ENABLE_OBJC_ARC = YES;
				CLANG_WARN_BOOL_CONVERSION = YES;
				CLANG_WARN_CONSTANT_CONVERSION = YES;
				CLANG_WARN_DIRECT_OBJC_ISA_USAGE = YES_ERROR;
				CLANG_WARN_DOCUMENTATION_COMMENTS = YES;
				CLANG_WARN_EMPTY_BODY = YES;
				CLANG_WARN_ENUM_CONVERSION = YES;
				CLANG_WARN_INFINITE_RECURSION = YES;
				CLANG_WARN_INT_CONVERSION = YES;
				CLANG_WARN_OBJC_ROOT_CLASS = YES_ERROR;
				CLANG_WARN_SUSPICIOUS_MOVES = YES;
				CLANG_WARN_UNREACHABLE_CODE = YES;
				CLANG_WARN__DUPLICATE_METHOD_MATCH = YES;
				CODE_SIGN_IDENTITY = "-";
				COPY_PHASE_STRIP = NO;
				DEBUG_INFORMATION_FORMAT = "dwarf-with-dsym";
				ENABLE_NS_ASSERTIONS = NO;
				ENABLE_STRICT_OBJC_MSGSEND = YES;
				GCC_C_LANGUAGE_STANDARD = gnu99;
				GCC_NO_COMMON_BLOCKS = YES;
				GCC_WARN_64_TO_32_BIT_CONVERSION = YES;
				GCC_WARN_ABOUT_RETURN_TYPE = YES_ERROR;
				GCC_WARN_UNDECLARED_SELECTOR = YES;
				GCC_WARN_UNINITIALIZED_AUTOS = YES_AGGRESSIVE;
				GCC_WARN_UNUSED_FUNCTION = YES;
				GCC_WARN_UNUSED_VARIABLE = YES;
				MACOSX_DEPLOYMENT_TARGET = 10.12;
				MTL_ENABLE_DEBUG_INFO = NO;
				SDKROOT = macosx;
			};
			name = Release;
		};
		2233189C1DFD01B0005025A1 /* Debug */ = {
			isa = XCBuildConfiguration;
			buildSettings = {
				DEVELOPMENT_TEAM = N5G28WF2Y2;
				PRODUCT_NAME = "$(TARGET_NAME)";
			};
			name = Debug;
		};
		2233189D1DFD01B0005025A1 /* Release */ = {
			isa = XCBuildConfiguration;
			buildSettings = {
				DEVELOPMENT_TEAM = N5G28WF2Y2;
				PRODUCT_NAME = "$(TARGET_NAME)";
			};
			name = Release;
		};
		223318A71DFD0DCD005025A1 /* Debug */ = {
			isa = XCBuildConfiguration;
			buildSettings = {
				DEVELOPMENT_TEAM = N5G28WF2Y2;
				PRODUCT_NAME = "$(TARGET_NAME)";
			};
			name = Debug;
		};
		223318A81DFD0DCD005025A1 /* Release */ = {
			isa = XCBuildConfiguration;
			buildSettings = {
				DEVELOPMENT_TEAM = N5G28WF2Y2;
				PRODUCT_NAME = "$(TARGET_NAME)";
			};
			name = Release;
		};
/* End XCBuildConfiguration section */

/* Begin XCConfigurationList section */
		2233188F1DFD01B0005025A1 /* Build configuration list for PBXProject "10_PBR" */ = {
			isa = XCConfigurationList;
			buildConfigurations = (
				223318991DFD01B0005025A1 /* Debug */,
				2233189A1DFD01B0005025A1 /* Release */,
			);
			defaultConfigurationIsVisible = 0;
			defaultConfigurationName = Release;
		};
		2233189B1DFD01B0005025A1 /* Build configuration list for PBXNativeTarget "10_PBR" */ = {
			isa = XCConfigurationList;
			buildConfigurations = (
				2233189C1DFD01B0005025A1 /* Debug */,
				2233189D1DFD01B0005025A1 /* Release */,
			);
			defaultConfigurationIsVisible = 0;
		};
		223318A61DFD0DCD005025A1 /* Build configuration list for PBXNativeTarget "metersToFeetAndInches" */ = {
			isa = XCConfigurationList;
			buildConfigurations = (
				223318A71DFD0DCD005025A1 /* Debug */,
				223318A81DFD0DCD005025A1 /* Release */,
			);
			defaultConfigurationIsVisible = 0;
		};
/* End XCConfigurationList section */
	};
	rootObject = 2233188C1DFD01B0005025A1 /* Project object */;
}
