// !$*UTF8*$!
{
	archiveVersion = 1;
	classes = {
	};
	objectVersion = 46;
	objects = {

/* Begin PBXBuildFile section */
		22868AFA1E02728D00068922 /* main.m in Sources */ = {isa = PBXBuildFile; fileRef = 22868AF91E02728D00068922 /* main.m */; };
		22868B021E02729D00068922 /* BNREmployee.m in Sources */ = {isa = PBXBuildFile; fileRef = 22868B011E02729D00068922 /* BNREmployee.m */; };
		22868B051E0272FD00068922 /* BNRPerson.m in Sources */ = {isa = PBXBuildFile; fileRef = 22868B041E0272FD00068922 /* BNRPerson.m */; };
		22868B081E027C5700068922 /* BNRAsset.m in Sources */ = {isa = PBXBuildFile; fileRef = 22868B071E027C5700068922 /* BNRAsset.m */; };
		22868B101E0292B900068922 /* main.m in Sources */ = {isa = PBXBuildFile; fileRef = 22868B0F1E0292B900068922 /* main.m */; };
/* End PBXBuildFile section */

/* Begin PBXCopyFilesBuildPhase section */
		22868AF41E02728D00068922 /* CopyFiles */ = {
			isa = PBXCopyFilesBuildPhase;
			buildActionMask = 2147483647;
			dstPath = /usr/share/man/man1/;
			dstSubfolderSpec = 0;
			files = (
			);
			runOnlyForDeploymentPostprocessing = 1;
		};
		22868B0B1E0292B900068922 /* CopyFiles */ = {
			isa = PBXCopyFilesBuildPhase;
			buildActionMask = 2147483647;
			dstPath = /usr/share/man/man1/;
			dstSubfolderSpec = 0;
			files = (
			);
			runOnlyForDeploymentPostprocessing = 1;
		};
/* End PBXCopyFilesBuildPhase section */

/* Begin PBXFileReference section */
		22868AF61E02728D00068922 /* 20_BNREmployee */ = {isa = PBXFileReference; explicitFileType = "compiled.mach-o.executable"; includeInIndex = 0; path = 20_BNREmployee; sourceTree = BUILT_PRODUCTS_DIR; };
		22868AF91E02728D00068922 /* main.m */ = {isa = PBXFileReference; lastKnownFileType = sourcecode.c.objc; path = main.m; sourceTree = "<group>"; };
		22868B001E02729D00068922 /* BNREmployee.h */ = {isa = PBXFileReference; fileEncoding = 4; lastKnownFileType = sourcecode.c.h; path = BNREmployee.h; sourceTree = "<group>"; };
		22868B011E02729D00068922 /* BNREmployee.m */ = {isa = PBXFileReference; fileEncoding = 4; lastKnownFileType = sourcecode.c.objc; path = BNREmployee.m; sourceTree = "<group>"; };
		22868B031E0272FD00068922 /* BNRPerson.h */ = {isa = PBXFileReference; fileEncoding = 4; lastKnownFileType = sourcecode.c.h; path = BNRPerson.h; sourceTree = "<group>"; };
		22868B041E0272FD00068922 /* BNRPerson.m */ = {isa = PBXFileReference; fileEncoding = 4; lastKnownFileType = sourcecode.c.objc; path = BNRPerson.m; sourceTree = "<group>"; };
		22868B061E027C5700068922 /* BNRAsset.h */ = {isa = PBXFileReference; fileEncoding = 4; lastKnownFileType = sourcecode.c.h; path = BNRAsset.h; sourceTree = "<group>"; };
		22868B071E027C5700068922 /* BNRAsset.m */ = {isa = PBXFileReference; fileEncoding = 4; lastKnownFileType = sourcecode.c.objc; path = BNRAsset.m; sourceTree = "<group>"; };
		22868B0D1E0292B900068922 /* mutableCopy */ = {isa = PBXFileReference; explicitFileType = "compiled.mach-o.executable"; includeInIndex = 0; path = mutableCopy; sourceTree = BUILT_PRODUCTS_DIR; };
		22868B0F1E0292B900068922 /* main.m */ = {isa = PBXFileReference; lastKnownFileType = sourcecode.c.objc; path = main.m; sourceTree = "<group>"; };
/* End PBXFileReference section */

/* Begin PBXFrameworksBuildPhase section */
		22868AF31E02728D00068922 /* Frameworks */ = {
			isa = PBXFrameworksBuildPhase;
			buildActionMask = 2147483647;
			files = (
			);
			runOnlyForDeploymentPostprocessing = 0;
		};
		22868B0A1E0292B900068922 /* Frameworks */ = {
			isa = PBXFrameworksBuildPhase;
			buildActionMask = 2147483647;
			files = (
			);
			runOnlyForDeploymentPostprocessing = 0;
		};
/* End PBXFrameworksBuildPhase section */

/* Begin PBXGroup section */
		22868AED1E02728D00068922 = {
			isa = PBXGroup;
			children = (
				22868AF81E02728D00068922 /* 20_BNREmployee */,
				22868B0E1E0292B900068922 /* mutableCopy */,
				22868AF71E02728D00068922 /* Products */,
			);
			sourceTree = "<group>";
		};
		22868AF71E02728D00068922 /* Products */ = {
			isa = PBXGroup;
			children = (
				22868AF61E02728D00068922 /* 20_BNREmployee */,
				22868B0D1E0292B900068922 /* mutableCopy */,
			);
			name = Products;
			sourceTree = "<group>";
		};
		22868AF81E02728D00068922 /* 20_BNREmployee */ = {
			isa = PBXGroup;
			children = (
				22868AF91E02728D00068922 /* main.m */,
				22868B061E027C5700068922 /* BNRAsset.h */,
				22868B071E027C5700068922 /* BNRAsset.m */,
				22868B001E02729D00068922 /* BNREmployee.h */,
				22868B011E02729D00068922 /* BNREmployee.m */,
				22868B031E0272FD00068922 /* BNRPerson.h */,
				22868B041E0272FD00068922 /* BNRPerson.m */,
			);
			path = 20_BNREmployee;
			sourceTree = "<group>";
		};
		22868B0E1E0292B900068922 /* mutableCopy */ = {
			isa = PBXGroup;
			children = (
				22868B0F1E0292B900068922 /* main.m */,
			);
			path = mutableCopy;
			sourceTree = "<group>";
		};
/* End PBXGroup section */

/* Begin PBXNativeTarget section */
		22868AF51E02728D00068922 /* 20_BNREmployee */ = {
			isa = PBXNativeTarget;
			buildConfigurationList = 22868AFD1E02728D00068922 /* Build configuration list for PBXNativeTarget "20_BNREmployee" */;
			buildPhases = (
				22868AF21E02728D00068922 /* Sources */,
				22868AF31E02728D00068922 /* Frameworks */,
				22868AF41E02728D00068922 /* CopyFiles */,
			);
			buildRules = (
			);
			dependencies = (
			);
			name = 20_BNREmployee;
			productName = 20_BNREmployee;
			productReference = 22868AF61E02728D00068922 /* 20_BNREmployee */;
			productType = "com.apple.product-type.tool";
		};
		22868B0C1E0292B900068922 /* mutableCopy */ = {
			isa = PBXNativeTarget;
			buildConfigurationList = 22868B111E0292B900068922 /* Build configuration list for PBXNativeTarget "mutableCopy" */;
			buildPhases = (
				22868B091E0292B900068922 /* Sources */,
				22868B0A1E0292B900068922 /* Frameworks */,
				22868B0B1E0292B900068922 /* CopyFiles */,
			);
			buildRules = (
			);
			dependencies = (
			);
			name = mutableCopy;
			productName = mutableCopy;
			productReference = 22868B0D1E0292B900068922 /* mutableCopy */;
			productType = "com.apple.product-type.tool";
		};
/* End PBXNativeTarget section */

/* Begin PBXProject section */
		22868AEE1E02728D00068922 /* Project object */ = {
			isa = PBXProject;
			attributes = {
				LastUpgradeCheck = 0820;
				ORGANIZATIONNAME = "Gaofei Ma";
				TargetAttributes = {
					22868AF51E02728D00068922 = {
						CreatedOnToolsVersion = 8.2;
						DevelopmentTeam = N5G28WF2Y2;
						ProvisioningStyle = Automatic;
					};
					22868B0C1E0292B900068922 = {
						CreatedOnToolsVersion = 8.2;
						DevelopmentTeam = N5G28WF2Y2;
						ProvisioningStyle = Automatic;
					};
				};
			};
			buildConfigurationList = 22868AF11E02728D00068922 /* Build configuration list for PBXProject "20_BNREmployee" */;
			compatibilityVersion = "Xcode 3.2";
			developmentRegion = English;
			hasScannedForEncodings = 0;
			knownRegions = (
				en,
			);
			mainGroup = 22868AED1E02728D00068922;
			productRefGroup = 22868AF71E02728D00068922 /* Products */;
			projectDirPath = "";
			projectRoot = "";
			targets = (
				22868AF51E02728D00068922 /* 20_BNREmployee */,
				22868B0C1E0292B900068922 /* mutableCopy */,
			);
		};
/* End PBXProject section */

/* Begin PBXSourcesBuildPhase section */
		22868AF21E02728D00068922 /* Sources */ = {
			isa = PBXSourcesBuildPhase;
			buildActionMask = 2147483647;
			files = (
				22868B021E02729D00068922 /* BNREmployee.m in Sources */,
				22868B051E0272FD00068922 /* BNRPerson.m in Sources */,
				22868AFA1E02728D00068922 /* main.m in Sources */,
				22868B081E027C5700068922 /* BNRAsset.m in Sources */,
			);
			runOnlyForDeploymentPostprocessing = 0;
		};
		22868B091E0292B900068922 /* Sources */ = {
			isa = PBXSourcesBuildPhase;
			buildActionMask = 2147483647;
			files = (
				22868B101E0292B900068922 /* main.m in Sources */,
			);
			runOnlyForDeploymentPostprocessing = 0;
		};
/* End PBXSourcesBuildPhase section */

/* Begin XCBuildConfiguration section */
		22868AFB1E02728D00068922 /* Debug */ = {
			isa = XCBuildConfiguration;
			buildSettings = {
				ALWAYS_SEARCH_USER_PATHS = NO;
				CLANG_ANALYZER_NONNULL = YES;
				CLANG_CXX_LANGUAGE_STANDARD = "gnu++0x";
				CLANG_CXX_LIBRARY = "libc++";
				CLANG_ENABLE_MODULES = YES;
				CLANG_ENABLE_OBJC_ARC = YES;
				CLANG_WARN_BOOL_CONVERSION = YES;
				CLANG_WARN_CONSTANT_CONVERSION = YES;
				CLANG_WARN_DIRECT_OBJC_ISA_USAGE = YES_ERROR;
				CLANG_WARN_DOCUMENTATION_COMMENTS = YES;
				CLANG_WARN_EMPTY_BODY = YES;
				CLANG_WARN_ENUM_CONVERSION = YES;
				CLANG_WARN_INFINITE_RECURSION = YES;
				CLANG_WARN_INT_CONVERSION = YES;
				CLANG_WARN_OBJC_ROOT_CLASS = YES_ERROR;
				CLANG_WARN_SUSPICIOUS_MOVE = YES;
				CLANG_WARN_UNREACHABLE_CODE = YES;
				CLANG_WARN__DUPLICATE_METHOD_MATCH = YES;
				CODE_SIGN_IDENTITY = "-";
				COPY_PHASE_STRIP = NO;
				DEBUG_INFORMATION_FORMAT = dwarf;
				ENABLE_STRICT_OBJC_MSGSEND = YES;
				ENABLE_TESTABILITY = YES;
				GCC_C_LANGUAGE_STANDARD = gnu99;
				GCC_DYNAMIC_NO_PIC = NO;
				GCC_NO_COMMON_BLOCKS = YES;
				GCC_OPTIMIZATION_LEVEL = 0;
				GCC_PREPROCESSOR_DEFINITIONS = (
					"DEBUG=1",
					"$(inherited)",
				);
				GCC_WARN_64_TO_32_BIT_CONVERSION = YES;
				GCC_WARN_ABOUT_RETURN_TYPE = YES_ERROR;
				GCC_WARN_UNDECLARED_SELECTOR = YES;
				GCC_WARN_UNINITIALIZED_AUTOS = YES_AGGRESSIVE;
				GCC_WARN_UNUSED_FUNCTION = YES;
				GCC_WARN_UNUSED_VARIABLE = YES;
				MACOSX_DEPLOYMENT_TARGET = 10.12;
				MTL_ENABLE_DEBUG_INFO = YES;
				ONLY_ACTIVE_ARCH = YES;
				SDKROOT = macosx;
			};
			name = Debug;
		};
		22868AFC1E02728D00068922 /* Release */ = {
			isa = XCBuildConfiguration;
			buildSettings = {
				ALWAYS_SEARCH_USER_PATHS = NO;
				CLANG_ANALYZER_NONNULL = YES;
				CLANG_CXX_LANGUAGE_STANDARD = "gnu++0x";
				CLANG_CXX_LIBRARY = "libc++";
				CLANG_ENABLE_MODULES = YES;
				CLANG_ENABLE_OBJC_ARC = YES;
				CLANG_WARN_BOOL_CONVERSION = YES;
				CLANG_WARN_CONSTANT_CONVERSION = YES;
				CLANG_WARN_DIRECT_OBJC_ISA_USAGE = YES_ERROR;
				CLANG_WARN_DOCUMENTATION_COMMENTS = YES;
				CLANG_WARN_EMPTY_BODY = YES;
				CLANG_WARN_ENUM_CONVERSION = YES;
				CLANG_WARN_INFINITE_RECURSION = YES;
				CLANG_WARN_INT_CONVERSION = YES;
				CLANG_WARN_OBJC_ROOT_CLASS = YES_ERROR;
				CLANG_WARN_SUSPICIOUS_MOVE = YES;
				CLANG_WARN_UNREACHABLE_CODE = YES;
				CLANG_WARN__DUPLICATE_METHOD_MATCH = YES;
				CODE_SIGN_IDENTITY = "-";
				COPY_PHASE_STRIP = NO;
				DEBUG_INFORMATION_FORMAT = "dwarf-with-dsym";
				ENABLE_NS_ASSERTIONS = NO;
				ENABLE_STRICT_OBJC_MSGSEND = YES;
				GCC_C_LANGUAGE_STANDARD = gnu99;
				GCC_NO_COMMON_BLOCKS = YES;
				GCC_WARN_64_TO_32_BIT_CONVERSION = YES;
				GCC_WARN_ABOUT_RETURN_TYPE = YES_ERROR;
				GCC_WARN_UNDECLARED_SELECTOR = YES;
				GCC_WARN_UNINITIALIZED_AUTOS = YES_AGGRESSIVE;
				GCC_WARN_UNUSED_FUNCTION = YES;
				GCC_WARN_UNUSED_VARIABLE = YES;
				MACOSX_DEPLOYMENT_TARGET = 10.12;
				MTL_ENABLE_DEBUG_INFO = NO;
				SDKROOT = macosx;
			};
			name = Release;
		};
		22868AFE1E02728D00068922 /* Debug */ = {
			isa = XCBuildConfiguration;
			buildSettings = {
				DEVELOPMENT_TEAM = N5G28WF2Y2;
				PRODUCT_NAME = "$(TARGET_NAME)";
			};
			name = Debug;
		};
		22868AFF1E02728D00068922 /* Release */ = {
			isa = XCBuildConfiguration;
			buildSettings = {
				DEVELOPMENT_TEAM = N5G28WF2Y2;
				PRODUCT_NAME = "$(TARGET_NAME)";
			};
			name = Release;
		};
		22868B121E0292B900068922 /* Debug */ = {
			isa = XCBuildConfiguration;
			buildSettings = {
				DEVELOPMENT_TEAM = N5G28WF2Y2;
				PRODUCT_NAME = "$(TARGET_NAME)";
			};
			name = Debug;
		};
		22868B131E0292B900068922 /* Release */ = {
			isa = XCBuildConfiguration;
			buildSettings = {
				DEVELOPMENT_TEAM = N5G28WF2Y2;
				PRODUCT_NAME = "$(TARGET_NAME)";
			};
			name = Release;
		};
/* End XCBuildConfiguration section */

/* Begin XCConfigurationList section */
		22868AF11E02728D00068922 /* Build configuration list for PBXProject "20_BNREmployee" */ = {
			isa = XCConfigurationList;
			buildConfigurations = (
				22868AFB1E02728D00068922 /* Debug */,
				22868AFC1E02728D00068922 /* Release */,
			);
			defaultConfigurationIsVisible = 0;
			defaultConfigurationName = Release;
		};
		22868AFD1E02728D00068922 /* Build configuration list for PBXNativeTarget "20_BNREmployee" */ = {
			isa = XCConfigurationList;
			buildConfigurations = (
				22868AFE1E02728D00068922 /* Debug */,
				22868AFF1E02728D00068922 /* Release */,
			);
			defaultConfigurationIsVisible = 0;
			defaultConfigurationName = Release;
		};
		22868B111E0292B900068922 /* Build configuration list for PBXNativeTarget "mutableCopy" */ = {
			isa = XCConfigurationList;
			buildConfigurations = (
				22868B121E0292B900068922 /* Debug */,
				22868B131E0292B900068922 /* Release */,
			);
			defaultConfigurationIsVisible = 0;
		};
/* End XCConfigurationList section */
	};
	rootObject = 22868AEE1E02728D00068922 /* Project object */;
}
